// !$*UTF8*$!
{
	archiveVersion = 1;
	classes = {
	};
	objectVersion = 46;
	objects = {

/* Begin PBXBuildFile section */
		AD372A961D02EA1300589407 /* AppDelegate.swift in Sources */ = {isa = PBXBuildFile; fileRef = AD372A951D02EA1300589407 /* AppDelegate.swift */; };
		AD372A981D02EA1300589407 /* ViewController.swift in Sources */ = {isa = PBXBuildFile; fileRef = AD372A971D02EA1300589407 /* ViewController.swift */; };
		AD372A9B1D02EA1300589407 /* Main.storyboard in Resources */ = {isa = PBXBuildFile; fileRef = AD372A991D02EA1300589407 /* Main.storyboard */; };
		AD372A9D1D02EA1300589407 /* Assets.xcassets in Resources */ = {isa = PBXBuildFile; fileRef = AD372A9C1D02EA1300589407 /* Assets.xcassets */; };
		AD372AA01D02EA1300589407 /* LaunchScreen.storyboard in Resources */ = {isa = PBXBuildFile; fileRef = AD372A9E1D02EA1300589407 /* LaunchScreen.storyboard */; };
		AD372AA91D02EB3D00589407 /* RoundButton.swift in Sources */ = {isa = PBXBuildFile; fileRef = AD372AA81D02EB3D00589407 /* RoundButton.swift */; };
/* End PBXBuildFile section */

/* Begin PBXFileReference section */
		AD372A921D02EA1200589407 /* RoundButton.app */ = {isa = PBXFileReference; explicitFileType = wrapper.application; includeInIndex = 0; path = RoundButton.app; sourceTree = BUILT_PRODUCTS_DIR; };
		AD372A951D02EA1300589407 /* AppDelegate.swift */ = {isa = PBXFileReference; lastKnownFileType = sourcecode.swift; path = AppDelegate.swift; sourceTree = "<group>"; };
		AD372A971D02EA1300589407 /* ViewController.swift */ = {isa = PBXFileReference; lastKnownFileType = sourcecode.swift; path = ViewController.swift; sourceTree = "<group>"; };
		AD372A9A1D02EA1300589407 /* Base */ = {isa = PBXFileReference; lastKnownFileType = file.storyboard; name = Base; path = Base.lproj/Main.storyboard; sourceTree = "<group>"; };
		AD372A9C1D02EA1300589407 /* Assets.xcassets */ = {isa = PBXFileReference; lastKnownFileType = folder.assetcatalog; path = Assets.xcassets; sourceTree = "<group>"; };
		AD372A9F1D02EA1300589407 /* Base */ = {isa = PBXFileReference; lastKnownFileType = file.storyboard; name = Base; path = Base.lproj/LaunchScreen.storyboard; sourceTree = "<group>"; };
		AD372AA11D02EA1300589407 /* Info.plist */ = {isa = PBXFileReference; lastKnownFileType = text.plist.xml; path = Info.plist; sourceTree = "<group>"; };
		AD372AA81D02EB3D00589407 /* RoundButton.swift */ = {isa = PBXFileReference; fileEncoding = 4; lastKnownFileType = sourcecode.swift; path = RoundButton.swift; sourceTree = "<group>"; };
/* End PBXFileReference section */

/* Begin PBXFrameworksBuildPhase section */
		AD372A8F1D02EA1200589407 /* Frameworks */ = {
			isa = PBXFrameworksBuildPhase;
			buildActionMask = 2147483647;
			files = (
			);
			runOnlyForDeploymentPostprocessing = 0;
		};
/* End PBXFrameworksBuildPhase section */

/* Begin PBXGroup section */
		AD372A891D02EA1200589407 = {
			isa = PBXGroup;
			children = (
				AD372A941D02EA1300589407 /* RoundButton */,
				AD372A931D02EA1200589407 /* Products */,
			);
			sourceTree = "<group>";
		};
		AD372A931D02EA1200589407 /* Products */ = {
			isa = PBXGroup;
			children = (
				AD372A921D02EA1200589407 /* RoundButton.app */,
			);
			name = Products;
			sourceTree = "<group>";
		};
		AD372A941D02EA1300589407 /* RoundButton */ = {
			isa = PBXGroup;
			children = (
				AD372AA71D02EB1B00589407 /* RoundButton */,
				AD372A951D02EA1300589407 /* AppDelegate.swift */,
				AD372A971D02EA1300589407 /* ViewController.swift */,
				AD372A991D02EA1300589407 /* Main.storyboard */,
				AD372A9C1D02EA1300589407 /* Assets.xcassets */,
				AD372A9E1D02EA1300589407 /* LaunchScreen.storyboard */,
				AD372AA11D02EA1300589407 /* Info.plist */,
			);
			path = RoundButton;
			sourceTree = "<group>";
		};
		AD372AA71D02EB1B00589407 /* RoundButton */ = {
			isa = PBXGroup;
			children = (
				AD372AA81D02EB3D00589407 /* RoundButton.swift */,
			);
			path = RoundButton;
			sourceTree = "<group>";
		};
/* End PBXGroup section */

/* Begin PBXNativeTarget section */
		AD372A911D02EA1200589407 /* RoundButton */ = {
			isa = PBXNativeTarget;
			buildConfigurationList = AD372AA41D02EA1300589407 /* Build configuration list for PBXNativeTarget "RoundButton" */;
			buildPhases = (
				AD372A8E1D02EA1200589407 /* Sources */,
				AD372A8F1D02EA1200589407 /* Frameworks */,
				AD372A901D02EA1200589407 /* Resources */,
			);
			buildRules = (
			);
			dependencies = (
			);
			name = RoundButton;
			productName = RoundButton;
			productReference = AD372A921D02EA1200589407 /* RoundButton.app */;
			productType = "com.apple.product-type.application";
		};
/* End PBXNativeTarget section */

/* Begin PBXProject section */
		AD372A8A1D02EA1200589407 /* Project object */ = {
			isa = PBXProject;
			attributes = {
				LastSwiftUpdateCheck = 0730;
				LastUpgradeCheck = 0730;
				ORGANIZATIONNAME = tsevealt;
				TargetAttributes = {
					AD372A911D02EA1200589407 = {
						CreatedOnToolsVersion = 7.3.1;
					};
				};
			};
			buildConfigurationList = AD372A8D1D02EA1200589407 /* Build configuration list for PBXProject "RoundButton" */;
			compatibilityVersion = "Xcode 3.2";
			developmentRegion = English;
			hasScannedForEncodings = 0;
			knownRegions = (
				en,
				Base,
			);
			mainGroup = AD372A891D02EA1200589407;
			productRefGroup = AD372A931D02EA1200589407 /* Products */;
			projectDirPath = "";
			projectRoot = "";
			targets = (
				AD372A911D02EA1200589407 /* RoundButton */,
			);
		};
/* End PBXProject section */

/* Begin PBXResourcesBuildPhase section */
		AD372A901D02EA1200589407 /* Resources */ = {
			isa = PBXResourcesBuildPhase;
			buildActionMask = 2147483647;
			files = (
				AD372AA01D02EA1300589407 /* LaunchScreen.storyboard in Resources */,
				AD372A9D1D02EA1300589407 /* Assets.xcassets in Resources */,
				AD372A9B1D02EA1300589407 /* Main.storyboard in Resources */,
			);
			runOnlyForDeploymentPostprocessing = 0;
		};
/* End PBXResourcesBuildPhase section */

/* Begin PBXSourcesBuildPhase section */
		AD372A8E1D02EA1200589407 /* Sources */ = {
			isa = PBXSourcesBuildPhase;
			buildActionMask = 2147483647;
			files = (
				AD372AA91D02EB3D00589407 /* RoundButton.swift in Sources */,
				AD372A981D02EA1300589407 /* ViewController.swift in Sources */,
				AD372A961D02EA1300589407 /* AppDelegate.swift in Sources */,
			);
			runOnlyForDeploymentPostprocessing = 0;
		};
/* End PBXSourcesBuildPhase section */

/* Begin PBXVariantGroup section */
		AD372A991D02EA1300589407 /* Main.storyboard */ = {
			isa = PBXVariantGroup;
			children = (
				AD372A9A1D02EA1300589407 /* Base */,
			);
			name = Main.storyboard;
			sourceTree = "<group>";
		};
		AD372A9E1D02EA1300589407 /* LaunchScreen.storyboard */ = {
			isa = PBXVariantGroup;
			children = (
				AD372A9F1D02EA1300589407 /* Base */,
			);
			name = LaunchScreen.storyboard;
			sourceTree = "<group>";
		};
/* End PBXVariantGroup section */

/* Begin XCBuildConfiguration section */
		AD372AA21D02EA1300589407 /* Debug */ = {
			isa = XCBuildConfiguration;
			buildSettings = {
				ALWAYS_SEARCH_USER_PATHS = NO;
				CLANG_ANALYZER_NONNULL = YES;
				CLANG_CXX_LANGUAGE_STANDARD = "gnu++0x";
				CLANG_CXX_LIBRARY = "libc++";
				CLANG_ENABLE_MODULES = YES;
				CLANG_ENABLE_OBJC_ARC = YES;
				CLANG_WARN_BOOL_CONVERSION = YES;
				CLANG_WARN_CONSTANT_CONVERSION = YES;
				CLANG_WARN_DIRECT_OBJC_ISA_USAGE = YES_ERROR;
				CLANG_WARN_EMPTY_BODY = YES;
				CLANG_WARN_ENUM_CONVERSION = YES;
				CLANG_WARN_INT_CONVERSION = YES;
				CLANG_WARN_OBJC_ROOT_CLASS = YES_ERROR;
				CLANG_WARN_UNREACHABLE_CODE = YES;
				CLANG_WARN__DUPLICATE_METHOD_MATCH = YES;
				"CODE_SIGN_IDENTITY[sdk=iphoneos*]" = "iPhone Developer";
				COPY_PHASE_STRIP = NO;
				DEBUG_INFORMATION_FORMAT = dwarf;
				ENABLE_STRICT_OBJC_MSGSEND = YES;
				ENABLE_TESTABILITY = YES;
				GCC_C_LANGUAGE_STANDARD = gnu99;
				GCC_DYNAMIC_NO_PIC = NO;
				GCC_NO_COMMON_BLOCKS = YES;
				GCC_OPTIMIZATION_LEVEL = 0;
				GCC_PREPROCESSOR_DEFINITIONS = (
					"DEBUG=1",
					"$(inherited)",
				);
				GCC_WARN_64_TO_32_BIT_CONVERSION = YES;
				GCC_WARN_ABOUT_RETURN_TYPE = YES_ERROR;
				GCC_WARN_UNDECLARED_SELECTOR = YES;
				GCC_WARN_UNINITIALIZED_AUTOS = YES_AGGRESSIVE;
				GCC_WARN_UNUSED_FUNCTION = YES;
				GCC_WARN_UNUSED_VARIABLE = YES;
				IPHONEOS_DEPLOYMENT_TARGET = 9.3;
				MTL_ENABLE_DEBUG_INFO = YES;
				ONLY_ACTIVE_ARCH = YES;
				SDKROOT = iphoneos;
				SWIFT_OPTIMIZATION_LEVEL = "-Onone";
			};
			name = Debug;
		};
		AD372AA31D02EA1300589407 /* Release */ = {
			isa = XCBuildConfiguration;
			buildSettings = {
				ALWAYS_SEARCH_USER_PATHS = NO;
				CLANG_ANALYZER_NONNULL = YES;
				CLANG_CXX_LANGUAGE_STANDARD = "gnu++0x";
				CLANG_CXX_LIBRARY = "libc++";
				CLANG_ENABLE_MODULES = YES;
				CLANG_ENABLE_OBJC_ARC = YES;
				CLANG_WARN_BOOL_CONVERSION = YES;
				CLANG_WARN_CONSTANT_CONVERSION = YES;
				CLANG_WARN_DIRECT_OBJC_ISA_USAGE = YES_ERROR;
				CLANG_WARN_EMPTY_BODY = YES;
				CLANG_WARN_ENUM_CONVERSION = YES;
				CLANG_WARN_INT_CONVERSION = YES;
				CLANG_WARN_OBJC_ROOT_CLASS = YES_ERROR;
				CLANG_WARN_UNREACHABLE_CODE = YES;
				CLANG_WARN__DUPLICATE_METHOD_MATCH = YES;
				"CODE_SIGN_IDENTITY[sdk=iphoneos*]" = "iPhone Developer";
				COPY_PHASE_STRIP = NO;
				DEBUG_INFORMATION_FORMAT = "dwarf-with-dsym";
				ENABLE_NS_ASSERTIONS = NO;
				ENABLE_STRICT_OBJC_MSGSEND = YES;
				GCC_C_LANGUAGE_STANDARD = gnu99;
				GCC_NO_COMMON_BLOCKS = YES;
				GCC_WARN_64_TO_32_BIT_CONVERSION = YES;
				GCC_WARN_ABOUT_RETURN_TYPE = YES_ERROR;
				GCC_WARN_UNDECLARED_SELECTOR = YES;
				GCC_WARN_UNINITIALIZED_AUTOS = YES_AGGRESSIVE;
				GCC_WARN_UNUSED_FUNCTION = YES;
				GCC_WARN_UNUSED_VARIABLE = YES;
				IPHONEOS_DEPLOYMENT_TARGET = 9.3;
				MTL_ENABLE_DEBUG_INFO = NO;
				SDKROOT = iphoneos;
				VALIDATE_PRODUCT = YES;
			};
			name = Release;
		};
		AD372AA51D02EA1300589407 /* Debug */ = {
			isa = XCBuildConfiguration;
			buildSettings = {
				ASSETCATALOG_COMPILER_APPICON_NAME = AppIcon;
				INFOPLIST_FILE = RoundButton/Info.plist;
				LD_RUNPATH_SEARCH_PATHS = "$(inherited) @executable_path/Frameworks";
				PRODUCT_BUNDLE_IDENTIFIER = me.bayar.test.RoundButton;
				PRODUCT_NAME = "$(TARGET_NAME)";
			};
			name = Debug;
		};
		AD372AA61D02EA1300589407 /* Release */ = {
			isa = XCBuildConfiguration;
			buildSettings = {
				ASSETCATALOG_COMPILER_APPICON_NAME = AppIcon;
				INFOPLIST_FILE = RoundButton/Info.plist;
				LD_RUNPATH_SEARCH_PATHS = "$(inherited) @executable_path/Frameworks";
				PRODUCT_BUNDLE_IDENTIFIER = me.bayar.test.RoundButton;
				PRODUCT_NAME = "$(TARGET_NAME)";
			};
			name = Release;
		};
/* End XCBuildConfiguration section */

/* Begin XCConfigurationList section */
		AD372A8D1D02EA1200589407 /* Build configuration list for PBXProject "RoundButton" */ = {
			isa = XCConfigurationList;
			buildConfigurations = (
				AD372AA21D02EA1300589407 /* Debug */,
				AD372AA31D02EA1300589407 /* Release */,
			);
			defaultConfigurationIsVisible = 0;
			defaultConfigurationName = Release;
		};
		AD372AA41D02EA1300589407 /* Build configuration list for PBXNativeTarget "RoundButton" */ = {
			isa = XCConfigurationList;
			buildConfigurations = (
				AD372AA51D02EA1300589407 /* Debug */,
				AD372AA61D02EA1300589407 /* Release */,
			);
			defaultConfigurationIsVisible = 0;
		};
/* End XCConfigurationList section */
	};
	rootObject = AD372A8A1D02EA1200589407 /* Project object */;
}
